
Microsoft Visual Studio Solution File, Format Version 12.00
# Visual Studio Version 17
VisualStudioVersion = 17.9.34701.34
MinimumVisualStudioVersion = 10.0.40219.1
Project("{FAE04EC0-301F-11D3-BF4B-00C04F79EFBC}") = "RecipeApp", "RecipeApp\RecipeApp.csproj", "{573517BF-E0D4-43C3-9664-41BCB7992116}"
EndProject
Project("{FAE04EC0-301F-11D3-BF4B-00C04F79EFBC}") = "RecipeApp.UnitTest", "RecipeApp.UnitTest\RecipeApp.UnitTest.csproj", "{7697E334-98E7-4952-92D2-B0F693A4ECCD}"
EndProject
Project("{FAE04EC0-301F-11D3-BF4B-00C04F79EFBC}") = "WPFRecipeApp", "WPFRecipeApp\WPFRecipeApp.csproj", "{21F699E1-4264-44C7-8892-F4CFA7A5770F}"
EndProject
Global
	GlobalSection(SolutionConfigurationPlatforms) = preSolution
		Debug|Any CPU = Debug|Any CPU
		Release|Any CPU = Release|Any CPU
	EndGlobalSection
	GlobalSection(ProjectConfigurationPlatforms) = postSolution
		{573517BF-E0D4-43C3-9664-41BCB7992116}.Debug|Any CPU.ActiveCfg = Debug|Any CPU
		{573517BF-E0D4-43C3-9664-41BCB7992116}.Debug|Any CPU.Build.0 = Debug|Any CPU
		{573517BF-E0D4-43C3-9664-41BCB7992116}.Release|Any CPU.ActiveCfg = Release|Any CPU
		{573517BF-E0D4-43C3-9664-41BCB7992116}.Release|Any CPU.Build.0 = Release|Any CPU
		{7697E334-98E7-4952-92D2-B0F693A4ECCD}.Debug|Any CPU.ActiveCfg = Debug|Any CPU
		{7697E334-98E7-4952-92D2-B0F693A4ECCD}.Debug|Any CPU.Build.0 = Debug|Any CPU
		{7697E334-98E7-4952-92D2-B0F693A4ECCD}.Release|Any CPU.ActiveCfg = Release|Any CPU
		{7697E334-98E7-4952-92D2-B0F693A4ECCD}.Release|Any CPU.Build.0 = Release|Any CPU
		{21F699E1-4264-44C7-8892-F4CFA7A5770F}.Debug|Any CPU.ActiveCfg = Debug|Any CPU
		{21F699E1-4264-44C7-8892-F4CFA7A5770F}.Debug|Any CPU.Build.0 = Debug|Any CPU
		{21F699E1-4264-44C7-8892-F4CFA7A5770F}.Release|Any CPU.ActiveCfg = Release|Any CPU
		{21F699E1-4264-44C7-8892-F4CFA7A5770F}.Release|Any CPU.Build.0 = Release|Any CPU
	EndGlobalSection
	GlobalSection(SolutionProperties) = preSolution
		HideSolutionNode = FALSE
	EndGlobalSection
	GlobalSection(ExtensibilityGlobals) = postSolution
		SolutionGuid = {C02D3660-7A9B-45BA-8107-B33458E9125E}
	EndGlobalSection
EndGlobal
